
Microsoft Visual Studio Solution File, Format Version 12.00
# Visual Studio Version 16
VisualStudioVersion = 16.0.31112.23
MinimumVisualStudioVersion = 10.0.40219.1
Project("{FAE04EC0-301F-11D3-BF4B-00C04F79EFBC}") = "Ex01.Android", "Ex01.Android\Ex01.Android.csproj", "{9FA88C73-3787-4214-8ADD-4FF56BBDD939}"
EndProject
Project("{FAE04EC0-301F-11D3-BF4B-00C04F79EFBC}") = "Ex01.iOS", "Ex01.iOS\Ex01.iOS.csproj", "{ADED516E-861E-4FAC-B586-07645010653E}"
EndProject
Project("{FAE04EC0-301F-11D3-BF4B-00C04F79EFBC}") = "Ex01", "Ex01\Ex01.csproj", "{F1BE1DCE-2716-4259-AD0A-EF4BD25C61E6}"
EndProject
Global
	GlobalSection(SolutionConfigurationPlatforms) = preSolution
		Debug|Any CPU = Debug|Any CPU
		Debug|iPhone = Debug|iPhone
		Debug|iPhoneSimulator = Debug|iPhoneSimulator
		Release|Any CPU = Release|Any CPU
		Release|iPhone = Release|iPhone
		Release|iPhoneSimulator = Release|iPhoneSimulator
	EndGlobalSection
	GlobalSection(ProjectConfigurationPlatforms) = postSolution
		{9FA88C73-3787-4214-8ADD-4FF56BBDD939}.Debug|Any CPU.ActiveCfg = Debug|Any CPU
		{9FA88C73-3787-4214-8ADD-4FF56BBDD939}.Debug|Any CPU.Build.0 = Debug|Any CPU
		{9FA88C73-3787-4214-8ADD-4FF56BBDD939}.Debug|Any CPU.Deploy.0 = Debug|Any CPU
		{9FA88C73-3787-4214-8ADD-4FF56BBDD939}.Debug|iPhone.ActiveCfg = Debug|Any CPU
		{9FA88C73-3787-4214-8ADD-4FF56BBDD939}.Debug|iPhone.Build.0 = Debug|Any CPU
		{9FA88C73-3787-4214-8ADD-4FF56BBDD939}.Debug|iPhone.Deploy.0 = Debug|Any CPU
		{9FA88C73-3787-4214-8ADD-4FF56BBDD939}.Debug|iPhoneSimulator.ActiveCfg = Debug|Any CPU
		{9FA88C73-3787-4214-8ADD-4FF56BBDD939}.Debug|iPhoneSimulator.Build.0 = Debug|Any CPU
		{9FA88C73-3787-4214-8ADD-4FF56BBDD939}.Debug|iPhoneSimulator.Deploy.0 = Debug|Any CPU
		{9FA88C73-3787-4214-8ADD-4FF56BBDD939}.Release|Any CPU.ActiveCfg = Release|Any CPU
		{9FA88C73-3787-4214-8ADD-4FF56BBDD939}.Release|Any CPU.Build.0 = Release|Any CPU
		{9FA88C73-3787-4214-8ADD-4FF56BBDD939}.Release|Any CPU.Deploy.0 = Release|Any CPU
		{9FA88C73-3787-4214-8ADD-4FF56BBDD939}.Release|iPhone.ActiveCfg = Release|Any CPU
		{9FA88C73-3787-4214-8ADD-4FF56BBDD939}.Release|iPhone.Build.0 = Release|Any CPU
		{9FA88C73-3787-4214-8ADD-4FF56BBDD939}.Release|iPhone.Deploy.0 = Release|Any CPU
		{9FA88C73-3787-4214-8ADD-4FF56BBDD939}.Release|iPhoneSimulator.ActiveCfg = Release|Any CPU
		{9FA88C73-3787-4214-8ADD-4FF56BBDD939}.Release|iPhoneSimulator.Build.0 = Release|Any CPU
		{9FA88C73-3787-4214-8ADD-4FF56BBDD939}.Release|iPhoneSimulator.Deploy.0 = Release|Any CPU
		{ADED516E-861E-4FAC-B586-07645010653E}.Debug|Any CPU.ActiveCfg = Debug|iPhone
		{ADED516E-861E-4FAC-B586-07645010653E}.Debug|Any CPU.Build.0 = Debug|iPhone
		{ADED516E-861E-4FAC-B586-07645010653E}.Debug|Any CPU.Deploy.0 = Debug|iPhone
		{ADED516E-861E-4FAC-B586-07645010653E}.Debug|iPhone.ActiveCfg = Debug|iPhone
		{ADED516E-861E-4FAC-B586-07645010653E}.Debug|iPhone.Build.0 = Debug|iPhone
		{ADED516E-861E-4FAC-B586-07645010653E}.Debug|iPhone.Deploy.0 = Debug|iPhone
		{ADED516E-861E-4FAC-B586-07645010653E}.Debug|iPhoneSimulator.ActiveCfg = Debug|iPhoneSimulator
		{ADED516E-861E-4FAC-B586-07645010653E}.Debug|iPhoneSimulator.Build.0 = Debug|iPhoneSimulator
		{ADED516E-861E-4FAC-B586-07645010653E}.Debug|iPhoneSimulator.Deploy.0 = Debug|iPhoneSimulator
		{ADED516E-861E-4FAC-B586-07645010653E}.Release|Any CPU.ActiveCfg = Release|iPhoneSimulator
		{ADED516E-861E-4FAC-B586-07645010653E}.Release|Any CPU.Build.0 = Release|iPhoneSimulator
		{ADED516E-861E-4FAC-B586-07645010653E}.Release|Any CPU.Deploy.0 = Release|iPhoneSimulator
		{ADED516E-861E-4FAC-B586-07645010653E}.Release|iPhone.ActiveCfg = Release|iPhone
		{ADED516E-861E-4FAC-B586-07645010653E}.Release|iPhone.Build.0 = Release|iPhone
		{ADED516E-861E-4FAC-B586-07645010653E}.Release|iPhone.Deploy.0 = Release|iPhone
		{ADED516E-861E-4FAC-B586-07645010653E}.Release|iPhoneSimulator.ActiveCfg = Release|iPhoneSimulator
		{ADED516E-861E-4FAC-B586-07645010653E}.Release|iPhoneSimulator.Build.0 = Release|iPhoneSimulator
		{ADED516E-861E-4FAC-B586-07645010653E}.Release|iPhoneSimulator.Deploy.0 = Release|iPhoneSimulator
		{F1BE1DCE-2716-4259-AD0A-EF4BD25C61E6}.Debug|Any CPU.ActiveCfg = Debug|Any CPU
		{F1BE1DCE-2716-4259-AD0A-EF4BD25C61E6}.Debug|Any CPU.Build.0 = Debug|Any CPU
		{F1BE1DCE-2716-4259-AD0A-EF4BD25C61E6}.Debug|Any CPU.Deploy.0 = Debug|Any CPU
		{F1BE1DCE-2716-4259-AD0A-EF4BD25C61E6}.Debug|iPhone.ActiveCfg = Debug|Any CPU
		{F1BE1DCE-2716-4259-AD0A-EF4BD25C61E6}.Debug|iPhone.Build.0 = Debug|Any CPU
		{F1BE1DCE-2716-4259-AD0A-EF4BD25C61E6}.Debug|iPhone.Deploy.0 = Debug|Any CPU
		{F1BE1DCE-2716-4259-AD0A-EF4BD25C61E6}.Debug|iPhoneSimulator.ActiveCfg = Debug|Any CPU
		{F1BE1DCE-2716-4259-AD0A-EF4BD25C61E6}.Debug|iPhoneSimulator.Build.0 = Debug|Any CPU
		{F1BE1DCE-2716-4259-AD0A-EF4BD25C61E6}.Debug|iPhoneSimulator.Deploy.0 = Debug|Any CPU
		{F1BE1DCE-2716-4259-AD0A-EF4BD25C61E6}.Release|Any CPU.ActiveCfg = Release|Any CPU
		{F1BE1DCE-2716-4259-AD0A-EF4BD25C61E6}.Release|Any CPU.Build.0 = Release|Any CPU
		{F1BE1DCE-2716-4259-AD0A-EF4BD25C61E6}.Release|Any CPU.Deploy.0 = Release|Any CPU
		{F1BE1DCE-2716-4259-AD0A-EF4BD25C61E6}.Release|iPhone.ActiveCfg = Release|Any CPU
		{F1BE1DCE-2716-4259-AD0A-EF4BD25C61E6}.Release|iPhone.Build.0 = Release|Any CPU
		{F1BE1DCE-2716-4259-AD0A-EF4BD25C61E6}.Release|iPhone.Deploy.0 = Release|Any CPU
		{F1BE1DCE-2716-4259-AD0A-EF4BD25C61E6}.Release|iPhoneSimulator.ActiveCfg = Release|Any CPU
		{F1BE1DCE-2716-4259-AD0A-EF4BD25C61E6}.Release|iPhoneSimulator.Build.0 = Release|Any CPU
		{F1BE1DCE-2716-4259-AD0A-EF4BD25C61E6}.Release|iPhoneSimulator.Deploy.0 = Release|Any CPU
	EndGlobalSection
	GlobalSection(SolutionProperties) = preSolution
		HideSolutionNode = FALSE
	EndGlobalSection
	GlobalSection(ExtensibilityGlobals) = postSolution
		SolutionGuid = {064DD202-00E5-49D2-B20C-00EF971C6B7C}
	EndGlobalSection
EndGlobal
